
Microsoft Visual Studio Solution File, Format Version 12.00
# Visual Studio Version 17
VisualStudioVersion = 17.1.32407.343
MinimumVisualStudioVersion = 10.0.40219.1
Project("{FAE04EC0-301F-11D3-BF4B-00C04F79EFBC}") = "Spotiflix", "Spotiflix\Spotiflix.csproj", "{370A90D5-811E-4440-8BA7-239032EFFDD8}"
EndProject
Global
	GlobalSection(SolutionConfigurationPlatforms) = preSolution
		Debug|Any CPU = Debug|Any CPU
		Release|Any CPU = Release|Any CPU
	EndGlobalSection
	GlobalSection(ProjectConfigurationPlatforms) = postSolution
		{370A90D5-811E-4440-8BA7-239032EFFDD8}.Debug|Any CPU.ActiveCfg = Debug|Any CPU
		{370A90D5-811E-4440-8BA7-239032EFFDD8}.Debug|Any CPU.Build.0 = Debug|Any CPU
		{370A90D5-811E-4440-8BA7-239032EFFDD8}.Release|Any CPU.ActiveCfg = Release|Any CPU
		{370A90D5-811E-4440-8BA7-239032EFFDD8}.Release|Any CPU.Build.0 = Release|Any CPU
	EndGlobalSection
	GlobalSection(SolutionProperties) = preSolution
		HideSolutionNode = FALSE
	EndGlobalSection
	GlobalSection(ExtensibilityGlobals) = postSolution
		SolutionGuid = {8A8BC36F-A659-4BAA-94C8-A43E29542AA1}
	EndGlobalSection
EndGlobal
